
Microsoft Visual Studio Solution File, Format Version 12.00
# Visual Studio Version 16
VisualStudioVersion = 16.0.29215.179
MinimumVisualStudioVersion = 10.0.40219.1
Project("{FAE04EC0-301F-11D3-BF4B-00C04F79EFBC}") = "RsvpYes.Domain", "src\RsvpYes.Domain\RsvpYes.Domain.csproj", "{3127BE03-68B3-4471-B332-35561F0862AF}"
EndProject
Project("{2150E333-8FDC-42A3-9474-1A3956D46DE8}") = "Domain", "Domain", "{A6AAC211-BE1F-4105-A599-D0485A20FA2D}"
EndProject
Project("{9A19103F-16F7-4668-BE54-9A1E7A4F7556}") = "RsvpYes.Domain.Tests", "tests\RsvpYes.Domain.Tests\RsvpYes.Domain.Tests.csproj", "{BC6053DF-88A9-4017-8F6B-2623D56F802B}"
EndProject
Project("{2150E333-8FDC-42A3-9474-1A3956D46DE8}") = "Infrastructure", "Infrastructure", "{439D2167-31DD-4361-AAEB-7F3D7446E16D}"
EndProject
Project("{9A19103F-16F7-4668-BE54-9A1E7A4F7556}") = "RsvpYes.Data.Tests", "tests\RsvpYes.Data.Tests\RsvpYes.Data.Tests.csproj", "{FD3CC3C5-AF4C-4C17-947E-20694818279A}"
EndProject
Project("{9A19103F-16F7-4668-BE54-9A1E7A4F7556}") = "RsvpYes.Data", "src\RsvpYes.Data\RsvpYes.Data.csproj", "{B5B52A63-EAEB-4D9D-A97F-2F41C2AD6489}"
EndProject
Global
	GlobalSection(SolutionConfigurationPlatforms) = preSolution
		Debug|Any CPU = Debug|Any CPU
		Release|Any CPU = Release|Any CPU
	EndGlobalSection
	GlobalSection(ProjectConfigurationPlatforms) = postSolution
		{3127BE03-68B3-4471-B332-35561F0862AF}.Debug|Any CPU.ActiveCfg = Debug|Any CPU
		{3127BE03-68B3-4471-B332-35561F0862AF}.Debug|Any CPU.Build.0 = Debug|Any CPU
		{3127BE03-68B3-4471-B332-35561F0862AF}.Release|Any CPU.ActiveCfg = Release|Any CPU
		{3127BE03-68B3-4471-B332-35561F0862AF}.Release|Any CPU.Build.0 = Release|Any CPU
		{BC6053DF-88A9-4017-8F6B-2623D56F802B}.Debug|Any CPU.ActiveCfg = Debug|Any CPU
		{BC6053DF-88A9-4017-8F6B-2623D56F802B}.Debug|Any CPU.Build.0 = Debug|Any CPU
		{BC6053DF-88A9-4017-8F6B-2623D56F802B}.Release|Any CPU.ActiveCfg = Release|Any CPU
		{BC6053DF-88A9-4017-8F6B-2623D56F802B}.Release|Any CPU.Build.0 = Release|Any CPU
		{FD3CC3C5-AF4C-4C17-947E-20694818279A}.Debug|Any CPU.ActiveCfg = Debug|Any CPU
		{FD3CC3C5-AF4C-4C17-947E-20694818279A}.Debug|Any CPU.Build.0 = Debug|Any CPU
		{FD3CC3C5-AF4C-4C17-947E-20694818279A}.Release|Any CPU.ActiveCfg = Release|Any CPU
		{FD3CC3C5-AF4C-4C17-947E-20694818279A}.Release|Any CPU.Build.0 = Release|Any CPU
		{B5B52A63-EAEB-4D9D-A97F-2F41C2AD6489}.Debug|Any CPU.ActiveCfg = Debug|Any CPU
		{B5B52A63-EAEB-4D9D-A97F-2F41C2AD6489}.Debug|Any CPU.Build.0 = Debug|Any CPU
		{B5B52A63-EAEB-4D9D-A97F-2F41C2AD6489}.Release|Any CPU.ActiveCfg = Release|Any CPU
		{B5B52A63-EAEB-4D9D-A97F-2F41C2AD6489}.Release|Any CPU.Build.0 = Release|Any CPU
	EndGlobalSection
	GlobalSection(SolutionProperties) = preSolution
		HideSolutionNode = FALSE
	EndGlobalSection
	GlobalSection(NestedProjects) = preSolution
		{3127BE03-68B3-4471-B332-35561F0862AF} = {A6AAC211-BE1F-4105-A599-D0485A20FA2D}
		{BC6053DF-88A9-4017-8F6B-2623D56F802B} = {A6AAC211-BE1F-4105-A599-D0485A20FA2D}
		{FD3CC3C5-AF4C-4C17-947E-20694818279A} = {439D2167-31DD-4361-AAEB-7F3D7446E16D}
		{B5B52A63-EAEB-4D9D-A97F-2F41C2AD6489} = {439D2167-31DD-4361-AAEB-7F3D7446E16D}
	EndGlobalSection
	GlobalSection(ExtensibilityGlobals) = postSolution
		SolutionGuid = {4F1235DC-52B6-41C4-96C0-B6B414715C85}
	EndGlobalSection
EndGlobal
